
Microsoft Visual Studio Solution File, Format Version 12.00
# Visual Studio Version 17
VisualStudioVersion = 17.11.35312.102
MinimumVisualStudioVersion = 10.0.40219.1
Project("{FAE04EC0-301F-11D3-BF4B-00C04F79EFBC}") = "LaptopRepairSystem.API", "LaptopRepairSystem.API.csproj", "{6143980C-CBF6-4957-9588-8A8D0CFCF547}"
EndProject
Project("{2150E333-8FDC-42A3-9474-1A3956D46DE8}") = "Solution Items", "Solution Items", "{D98933BA-4018-455F-9405-BF3B22B3570C}"
	ProjectSection(SolutionItems) = preProject
		.gitignore = .gitignore
	EndProjectSection
EndProject
Global
	GlobalSection(SolutionConfigurationPlatforms) = preSolution
		Debug|Any CPU = Debug|Any CPU
		Release|Any CPU = Release|Any CPU
	EndGlobalSection
	GlobalSection(ProjectConfigurationPlatforms) = postSolution
		{6143980C-CBF6-4957-9588-8A8D0CFCF547}.Debug|Any CPU.ActiveCfg = Debug|Any CPU
		{6143980C-CBF6-4957-9588-8A8D0CFCF547}.Debug|Any CPU.Build.0 = Debug|Any CPU
		{6143980C-CBF6-4957-9588-8A8D0CFCF547}.Release|Any CPU.ActiveCfg = Release|Any CPU
		{6143980C-CBF6-4957-9588-8A8D0CFCF547}.Release|Any CPU.Build.0 = Release|Any CPU
	EndGlobalSection
	GlobalSection(SolutionProperties) = preSolution
		HideSolutionNode = FALSE
	EndGlobalSection
	GlobalSection(ExtensibilityGlobals) = postSolution
		SolutionGuid = {2C13CDF6-07ED-45E9-BC43-1B1C9C4F58AB}
	EndGlobalSection
EndGlobal
